// !$*UTF8*$!
{
	archiveVersion = 1;
	classes = {
	};
	objectVersion = 51;
	objects = {

/* Begin PBXBuildFile section */
		04E5FA84D357A28D461D4DC9 /* Pods_WeatherApp.framework in Frameworks */ = {isa = PBXBuildFile; fileRef = 3BE1B1267BEB91A8092009F8 /* Pods_WeatherApp.framework */; };
		786B8835234D15FC00D59C99 /* WeatherAppDataModel.xcdatamodeld in Sources */ = {isa = PBXBuildFile; fileRef = 786B8833234D15FC00D59C99 /* WeatherAppDataModel.xcdatamodeld */; };
		786B883A234D179D00D59C99 /* DailyData+CoreDataClass.swift in Sources */ = {isa = PBXBuildFile; fileRef = 786B8836234D179D00D59C99 /* DailyData+CoreDataClass.swift */; };
		786B883B234D179D00D59C99 /* DailyData+CoreDataProperties.swift in Sources */ = {isa = PBXBuildFile; fileRef = 786B8837234D179D00D59C99 /* DailyData+CoreDataProperties.swift */; };
		786B883C234D179D00D59C99 /* WeeklyData+CoreDataClass.swift in Sources */ = {isa = PBXBuildFile; fileRef = 786B8838234D179D00D59C99 /* WeeklyData+CoreDataClass.swift */; };
		786B883D234D179D00D59C99 /* WeeklyData+CoreDataProperties.swift in Sources */ = {isa = PBXBuildFile; fileRef = 786B8839234D179D00D59C99 /* WeeklyData+CoreDataProperties.swift */; };
		786B883F234D24A300D59C99 /* Double+Ext.swift in Sources */ = {isa = PBXBuildFile; fileRef = 786B883E234D24A300D59C99 /* Double+Ext.swift */; };
		78B6FA4523487A9C009525EE /* AppDelegate.swift in Sources */ = {isa = PBXBuildFile; fileRef = 78B6FA4423487A9C009525EE /* AppDelegate.swift */; };
		78B6FA4723487A9C009525EE /* ViewController.swift in Sources */ = {isa = PBXBuildFile; fileRef = 78B6FA4623487A9C009525EE /* ViewController.swift */; };
		78B6FA4A23487A9C009525EE /* Main.storyboard in Resources */ = {isa = PBXBuildFile; fileRef = 78B6FA4823487A9C009525EE /* Main.storyboard */; };
		78B6FA4C23487A9D009525EE /* Assets.xcassets in Resources */ = {isa = PBXBuildFile; fileRef = 78B6FA4B23487A9D009525EE /* Assets.xcassets */; };
		78B6FA4F23487A9D009525EE /* LaunchScreen.storyboard in Resources */ = {isa = PBXBuildFile; fileRef = 78B6FA4D23487A9D009525EE /* LaunchScreen.storyboard */; };
		78B6FA5723487D5B009525EE /* AppNavigationCordinator.swift in Sources */ = {isa = PBXBuildFile; fileRef = 78B6FA5623487D5B009525EE /* AppNavigationCordinator.swift */; };
		78B6FA5B23487F7E009525EE /* Weather.storyboard in Resources */ = {isa = PBXBuildFile; fileRef = 78B6FA5A23487F7E009525EE /* Weather.storyboard */; };
		78B6FA5D23487FD8009525EE /* WeatherDetailsVC.swift in Sources */ = {isa = PBXBuildFile; fileRef = 78B6FA5C23487FD8009525EE /* WeatherDetailsVC.swift */; };
		78B6FA5F234880F3009525EE /* WeatherDetailsPresenter.swift in Sources */ = {isa = PBXBuildFile; fileRef = 78B6FA5E234880F3009525EE /* WeatherDetailsPresenter.swift */; };
		78B6FA6123488109009525EE /* WeatherDetailsInteractor.swift in Sources */ = {isa = PBXBuildFile; fileRef = 78B6FA6023488109009525EE /* WeatherDetailsInteractor.swift */; };
		78B6FA6323488137009525EE /* WeatherDetailsWireframe.swift in Sources */ = {isa = PBXBuildFile; fileRef = 78B6FA6223488137009525EE /* WeatherDetailsWireframe.swift */; };
		78B6FA65234881B5009525EE /* WeatherDetailsProtocols.swift in Sources */ = {isa = PBXBuildFile; fileRef = 78B6FA64234881B5009525EE /* WeatherDetailsProtocols.swift */; };
		78B6FA692348912C009525EE /* APIRequest.swift in Sources */ = {isa = PBXBuildFile; fileRef = 78B6FA682348912C009525EE /* APIRequest.swift */; };
		78B6FA6B234892E1009525EE /* APIError.swift in Sources */ = {isa = PBXBuildFile; fileRef = 78B6FA6A234892E1009525EE /* APIError.swift */; };
		78B6FA6D23489307009525EE /* HTTPClient.swift in Sources */ = {isa = PBXBuildFile; fileRef = 78B6FA6C23489307009525EE /* HTTPClient.swift */; };
		78B6FA6F234893CB009525EE /* WeatherRoute.swift in Sources */ = {isa = PBXBuildFile; fileRef = 78B6FA6E234893CB009525EE /* WeatherRoute.swift */; };
		78B6FA7223489704009525EE /* Constant.swift in Sources */ = {isa = PBXBuildFile; fileRef = 78B6FA7123489704009525EE /* Constant.swift */; };
		78B6FA752348A424009525EE /* CityNameVC.swift in Sources */ = {isa = PBXBuildFile; fileRef = 78B6FA742348A424009525EE /* CityNameVC.swift */; };
		78B6FA782348CCCA009525EE /* WeatherRequest.swift in Sources */ = {isa = PBXBuildFile; fileRef = 78B6FA772348CCCA009525EE /* WeatherRequest.swift */; };
		78E08EF7234E11F80031BE7C /* city.list.json in Resources */ = {isa = PBXBuildFile; fileRef = 78E08EF6234E11F80031BE7C /* city.list.json */; };
		78E78ADD234CAE8900BB4D62 /* Date+Ext.swift in Sources */ = {isa = PBXBuildFile; fileRef = 78E78ADC234CAE8900BB4D62 /* Date+Ext.swift */; };
		78E78AF7234D12E300BB4D62 /* CoreDataManager.swift in Sources */ = {isa = PBXBuildFile; fileRef = 78E78AF6234D12E300BB4D62 /* CoreDataManager.swift */; };
		78FC4AC12349A38300143B96 /* WeatherResponseModels.swift in Sources */ = {isa = PBXBuildFile; fileRef = 78FC4AC02349A38300143B96 /* WeatherResponseModels.swift */; };
		78FC4AC32349ADBC00143B96 /* ForecastRequest.swift in Sources */ = {isa = PBXBuildFile; fileRef = 78FC4AC22349ADBC00143B96 /* ForecastRequest.swift */; };
		78FC4AC7234A00DA00143B96 /* CurrentDayTVSection.xib in Resources */ = {isa = PBXBuildFile; fileRef = 78FC4AC6234A00DA00143B96 /* CurrentDayTVSection.xib */; };
		78FC4AC9234A012E00143B96 /* CurrentDayTVSection.swift in Sources */ = {isa = PBXBuildFile; fileRef = 78FC4AC8234A012E00143B96 /* CurrentDayTVSection.swift */; };
		78FC4ACB234A0B9500143B96 /* ForecastTVCell.xib in Resources */ = {isa = PBXBuildFile; fileRef = 78FC4ACA234A0B9500143B96 /* ForecastTVCell.xib */; };
		78FC4ACD234A0CF000143B96 /* ForecastTVCell.swift in Sources */ = {isa = PBXBuildFile; fileRef = 78FC4ACC234A0CF000143B96 /* ForecastTVCell.swift */; };
		78FC4AD0234A0D5000143B96 /* ForecastCVCell.xib in Resources */ = {isa = PBXBuildFile; fileRef = 78FC4ACF234A0D5000143B96 /* ForecastCVCell.xib */; };
		78FC4AD2234A0E9400143B96 /* ForecastCVCell.swift in Sources */ = {isa = PBXBuildFile; fileRef = 78FC4AD1234A0E9400143B96 /* ForecastCVCell.swift */; };
/* End PBXBuildFile section */

/* Begin PBXFileReference section */
		0913F3090D512D0808971890 /* Pods-WeatherApp.release.xcconfig */ = {isa = PBXFileReference; includeInIndex = 1; lastKnownFileType = text.xcconfig; name = "Pods-WeatherApp.release.xcconfig"; path = "Target Support Files/Pods-WeatherApp/Pods-WeatherApp.release.xcconfig"; sourceTree = "<group>"; };
		3BE1B1267BEB91A8092009F8 /* Pods_WeatherApp.framework */ = {isa = PBXFileReference; explicitFileType = wrapper.framework; includeInIndex = 0; path = Pods_WeatherApp.framework; sourceTree = BUILT_PRODUCTS_DIR; };
		6CBFE7EEFB6E402449BF5D3F /* Pods-WeatherApp.debug.xcconfig */ = {isa = PBXFileReference; includeInIndex = 1; lastKnownFileType = text.xcconfig; name = "Pods-WeatherApp.debug.xcconfig"; path = "Target Support Files/Pods-WeatherApp/Pods-WeatherApp.debug.xcconfig"; sourceTree = "<group>"; };
		786B8834234D15FC00D59C99 /* WeatherAppDataModel.xcdatamodel */ = {isa = PBXFileReference; lastKnownFileType = wrapper.xcdatamodel; path = WeatherAppDataModel.xcdatamodel; sourceTree = "<group>"; };
		786B8836234D179D00D59C99 /* DailyData+CoreDataClass.swift */ = {isa = PBXFileReference; lastKnownFileType = sourcecode.swift; path = "DailyData+CoreDataClass.swift"; sourceTree = "<group>"; };
		786B8837234D179D00D59C99 /* DailyData+CoreDataProperties.swift */ = {isa = PBXFileReference; lastKnownFileType = sourcecode.swift; path = "DailyData+CoreDataProperties.swift"; sourceTree = "<group>"; };
		786B8838234D179D00D59C99 /* WeeklyData+CoreDataClass.swift */ = {isa = PBXFileReference; lastKnownFileType = sourcecode.swift; path = "WeeklyData+CoreDataClass.swift"; sourceTree = "<group>"; };
		786B8839234D179D00D59C99 /* WeeklyData+CoreDataProperties.swift */ = {isa = PBXFileReference; lastKnownFileType = sourcecode.swift; path = "WeeklyData+CoreDataProperties.swift"; sourceTree = "<group>"; };
		786B883E234D24A300D59C99 /* Double+Ext.swift */ = {isa = PBXFileReference; lastKnownFileType = sourcecode.swift; path = "Double+Ext.swift"; sourceTree = "<group>"; };
		78B6FA4123487A9C009525EE /* WeatherApp.app */ = {isa = PBXFileReference; explicitFileType = wrapper.application; includeInIndex = 0; path = WeatherApp.app; sourceTree = BUILT_PRODUCTS_DIR; };
		78B6FA4423487A9C009525EE /* AppDelegate.swift */ = {isa = PBXFileReference; lastKnownFileType = sourcecode.swift; path = AppDelegate.swift; sourceTree = "<group>"; };
		78B6FA4623487A9C009525EE /* ViewController.swift */ = {isa = PBXFileReference; lastKnownFileType = sourcecode.swift; path = ViewController.swift; sourceTree = "<group>"; };
		78B6FA4923487A9C009525EE /* Base */ = {isa = PBXFileReference; lastKnownFileType = file.storyboard; name = Base; path = Base.lproj/Main.storyboard; sourceTree = "<group>"; };
		78B6FA4B23487A9D009525EE /* Assets.xcassets */ = {isa = PBXFileReference; lastKnownFileType = folder.assetcatalog; path = Assets.xcassets; sourceTree = "<group>"; };
		78B6FA4E23487A9D009525EE /* Base */ = {isa = PBXFileReference; lastKnownFileType = file.storyboard; name = Base; path = Base.lproj/LaunchScreen.storyboard; sourceTree = "<group>"; };
		78B6FA5023487A9D009525EE /* Info.plist */ = {isa = PBXFileReference; lastKnownFileType = text.plist.xml; path = Info.plist; sourceTree = "<group>"; };
		78B6FA5623487D5B009525EE /* AppNavigationCordinator.swift */ = {isa = PBXFileReference; lastKnownFileType = sourcecode.swift; path = AppNavigationCordinator.swift; sourceTree = "<group>"; };
		78B6FA5A23487F7E009525EE /* Weather.storyboard */ = {isa = PBXFileReference; lastKnownFileType = file.storyboard; path = Weather.storyboard; sourceTree = "<group>"; };
		78B6FA5C23487FD8009525EE /* WeatherDetailsVC.swift */ = {isa = PBXFileReference; lastKnownFileType = sourcecode.swift; path = WeatherDetailsVC.swift; sourceTree = "<group>"; };
		78B6FA5E234880F3009525EE /* WeatherDetailsPresenter.swift */ = {isa = PBXFileReference; lastKnownFileType = sourcecode.swift; path = WeatherDetailsPresenter.swift; sourceTree = "<group>"; };
		78B6FA6023488109009525EE /* WeatherDetailsInteractor.swift */ = {isa = PBXFileReference; lastKnownFileType = sourcecode.swift; path = WeatherDetailsInteractor.swift; sourceTree = "<group>"; };
		78B6FA6223488137009525EE /* WeatherDetailsWireframe.swift */ = {isa = PBXFileReference; lastKnownFileType = sourcecode.swift; path = WeatherDetailsWireframe.swift; sourceTree = "<group>"; };
		78B6FA64234881B5009525EE /* WeatherDetailsProtocols.swift */ = {isa = PBXFileReference; lastKnownFileType = sourcecode.swift; path = WeatherDetailsProtocols.swift; sourceTree = "<group>"; };
		78B6FA682348912C009525EE /* APIRequest.swift */ = {isa = PBXFileReference; lastKnownFileType = sourcecode.swift; path = APIRequest.swift; sourceTree = "<group>"; };
		78B6FA6A234892E1009525EE /* APIError.swift */ = {isa = PBXFileReference; lastKnownFileType = sourcecode.swift; path = APIError.swift; sourceTree = "<group>"; };
		78B6FA6C23489307009525EE /* HTTPClient.swift */ = {isa = PBXFileReference; lastKnownFileType = sourcecode.swift; path = HTTPClient.swift; sourceTree = "<group>"; };
		78B6FA6E234893CB009525EE /* WeatherRoute.swift */ = {isa = PBXFileReference; lastKnownFileType = sourcecode.swift; path = WeatherRoute.swift; sourceTree = "<group>"; };
		78B6FA7123489704009525EE /* Constant.swift */ = {isa = PBXFileReference; lastKnownFileType = sourcecode.swift; path = Constant.swift; sourceTree = "<group>"; };
		78B6FA742348A424009525EE /* CityNameVC.swift */ = {isa = PBXFileReference; lastKnownFileType = sourcecode.swift; path = CityNameVC.swift; sourceTree = "<group>"; };
		78B6FA772348CCCA009525EE /* WeatherRequest.swift */ = {isa = PBXFileReference; lastKnownFileType = sourcecode.swift; path = WeatherRequest.swift; sourceTree = "<group>"; };
		78E08EF6234E11F80031BE7C /* city.list.json */ = {isa = PBXFileReference; fileEncoding = 4; lastKnownFileType = text.json; path = city.list.json; sourceTree = "<group>"; };
		78E78ADC234CAE8900BB4D62 /* Date+Ext.swift */ = {isa = PBXFileReference; lastKnownFileType = sourcecode.swift; path = "Date+Ext.swift"; sourceTree = "<group>"; };
		78E78AF6234D12E300BB4D62 /* CoreDataManager.swift */ = {isa = PBXFileReference; lastKnownFileType = sourcecode.swift; path = CoreDataManager.swift; sourceTree = "<group>"; };
		78FC4AC02349A38300143B96 /* WeatherResponseModels.swift */ = {isa = PBXFileReference; lastKnownFileType = sourcecode.swift; path = WeatherResponseModels.swift; sourceTree = "<group>"; };
		78FC4AC22349ADBC00143B96 /* ForecastRequest.swift */ = {isa = PBXFileReference; lastKnownFileType = sourcecode.swift; path = ForecastRequest.swift; sourceTree = "<group>"; };
		78FC4AC6234A00DA00143B96 /* CurrentDayTVSection.xib */ = {isa = PBXFileReference; lastKnownFileType = file.xib; path = CurrentDayTVSection.xib; sourceTree = "<group>"; };
		78FC4AC8234A012E00143B96 /* CurrentDayTVSection.swift */ = {isa = PBXFileReference; lastKnownFileType = sourcecode.swift; path = CurrentDayTVSection.swift; sourceTree = "<group>"; };
		78FC4ACA234A0B9500143B96 /* ForecastTVCell.xib */ = {isa = PBXFileReference; lastKnownFileType = file.xib; path = ForecastTVCell.xib; sourceTree = "<group>"; };
		78FC4ACC234A0CF000143B96 /* ForecastTVCell.swift */ = {isa = PBXFileReference; lastKnownFileType = sourcecode.swift; path = ForecastTVCell.swift; sourceTree = "<group>"; };
		78FC4ACF234A0D5000143B96 /* ForecastCVCell.xib */ = {isa = PBXFileReference; lastKnownFileType = file.xib; path = ForecastCVCell.xib; sourceTree = "<group>"; };
		78FC4AD1234A0E9400143B96 /* ForecastCVCell.swift */ = {isa = PBXFileReference; lastKnownFileType = sourcecode.swift; path = ForecastCVCell.swift; sourceTree = "<group>"; };
/* End PBXFileReference section */

/* Begin PBXFrameworksBuildPhase section */
		78B6FA3E23487A9C009525EE /* Frameworks */ = {
			isa = PBXFrameworksBuildPhase;
			buildActionMask = 2147483647;
			files = (
				04E5FA84D357A28D461D4DC9 /* Pods_WeatherApp.framework in Frameworks */,
			);
			runOnlyForDeploymentPostprocessing = 0;
		};
/* End PBXFrameworksBuildPhase section */

/* Begin PBXGroup section */
		54F04AAB7F967EA2654D48D2 /* Frameworks */ = {
			isa = PBXGroup;
			children = (
				3BE1B1267BEB91A8092009F8 /* Pods_WeatherApp.framework */,
			);
			name = Frameworks;
			sourceTree = "<group>";
		};
		786B8832234D15D300D59C99 /* DataModel */ = {
			isa = PBXGroup;
			children = (
				786B8833234D15FC00D59C99 /* WeatherAppDataModel.xcdatamodeld */,
			);
			path = DataModel;
			sourceTree = "<group>";
		};
		78B6FA3823487A9C009525EE = {
			isa = PBXGroup;
			children = (
				78B6FA4323487A9C009525EE /* WeatherApp */,
				78B6FA4223487A9C009525EE /* Products */,
				B13EE8079C70A0C377E7926D /* Pods */,
				54F04AAB7F967EA2654D48D2 /* Frameworks */,
			);
			sourceTree = "<group>";
		};
		78B6FA4223487A9C009525EE /* Products */ = {
			isa = PBXGroup;
			children = (
				78B6FA4123487A9C009525EE /* WeatherApp.app */,
			);
			name = Products;
			sourceTree = "<group>";
		};
		78B6FA4323487A9C009525EE /* WeatherApp */ = {
			isa = PBXGroup;
			children = (
				78B6FA4423487A9C009525EE /* AppDelegate.swift */,
				78B6FA4623487A9C009525EE /* ViewController.swift */,
				78B6FA5623487D5B009525EE /* AppNavigationCordinator.swift */,
				78E08EF5234E11CA0031BE7C /* Resources */,
				78E78ADE234CD42E00BB4D62 /* CoreData */,
				78E78ADB234CAE6200BB4D62 /* Extensions */,
				78FC4ABF23498E0100143B96 /* Models */,
				78B6FA7023489602009525EE /* Constant */,
				78B6FA66234890EB009525EE /* API */,
				78B6FA5823487EEB009525EE /* WeatherDetails */,
				78B6FA732348A3B8009525EE /* CityName */,
				78B6FA4823487A9C009525EE /* Main.storyboard */,
				78B6FA4B23487A9D009525EE /* Assets.xcassets */,
				78B6FA4D23487A9D009525EE /* LaunchScreen.storyboard */,
				78B6FA5023487A9D009525EE /* Info.plist */,
			);
			path = WeatherApp;
			sourceTree = "<group>";
		};
		78B6FA5823487EEB009525EE /* WeatherDetails */ = {
			isa = PBXGroup;
			children = (
				78B6FA5923487F32009525EE /* View */,
				78B6FA5A23487F7E009525EE /* Weather.storyboard */,
				78B6FA5C23487FD8009525EE /* WeatherDetailsVC.swift */,
				78B6FA5E234880F3009525EE /* WeatherDetailsPresenter.swift */,
				78B6FA6023488109009525EE /* WeatherDetailsInteractor.swift */,
				78B6FA6223488137009525EE /* WeatherDetailsWireframe.swift */,
				78B6FA64234881B5009525EE /* WeatherDetailsProtocols.swift */,
			);
			path = WeatherDetails;
			sourceTree = "<group>";
		};
		78B6FA5923487F32009525EE /* View */ = {
			isa = PBXGroup;
			children = (
				78FC4ACE234A0D3000143B96 /* CVCell */,
				78FC4AC52349FF6000143B96 /* TVCell */,
				78FC4AC42349FF4D00143B96 /* TVSection */,
			);
			path = View;
			sourceTree = "<group>";
		};
		78B6FA66234890EB009525EE /* API */ = {
			isa = PBXGroup;
			children = (
				78B6FA762348CC7E009525EE /* Request */,
				78B6FA67234890F7009525EE /* Base */,
				78B6FA6E234893CB009525EE /* WeatherRoute.swift */,
			);
			path = API;
			sourceTree = "<group>";
		};
		78B6FA67234890F7009525EE /* Base */ = {
			isa = PBXGroup;
			children = (
				78B6FA682348912C009525EE /* APIRequest.swift */,
				78B6FA6A234892E1009525EE /* APIError.swift */,
				78B6FA6C23489307009525EE /* HTTPClient.swift */,
			);
			path = Base;
			sourceTree = "<group>";
		};
		78B6FA7023489602009525EE /* Constant */ = {
			isa = PBXGroup;
			children = (
				78B6FA7123489704009525EE /* Constant.swift */,
			);
			path = Constant;
			sourceTree = "<group>";
		};
		78B6FA732348A3B8009525EE /* CityName */ = {
			isa = PBXGroup;
			children = (
				78B6FA742348A424009525EE /* CityNameVC.swift */,
			);
			path = CityName;
			sourceTree = "<group>";
		};
		78B6FA762348CC7E009525EE /* Request */ = {
			isa = PBXGroup;
			children = (
				78B6FA772348CCCA009525EE /* WeatherRequest.swift */,
				78FC4AC22349ADBC00143B96 /* ForecastRequest.swift */,
			);
			path = Request;
			sourceTree = "<group>";
		};
		78E08EF5234E11CA0031BE7C /* Resources */ = {
			isa = PBXGroup;
			children = (
				78E08EF6234E11F80031BE7C /* city.list.json */,
			);
			path = Resources;
			sourceTree = "<group>";
		};
		78E78ADB234CAE6200BB4D62 /* Extensions */ = {
			isa = PBXGroup;
			children = (
				78E78ADC234CAE8900BB4D62 /* Date+Ext.swift */,
				786B883E234D24A300D59C99 /* Double+Ext.swift */,
			);
			path = Extensions;
			sourceTree = "<group>";
		};
		78E78ADE234CD42E00BB4D62 /* CoreData */ = {
			isa = PBXGroup;
			children = (
				786B8832234D15D300D59C99 /* DataModel */,
				78E78AEB234CDB6100BB4D62 /* Manager */,
				78E78AE2234CD4F700BB4D62 /* EntityClasses */,
			);
			path = CoreData;
			sourceTree = "<group>";
		};
		78E78AE2234CD4F700BB4D62 /* EntityClasses */ = {
			isa = PBXGroup;
			children = (
				786B8836234D179D00D59C99 /* DailyData+CoreDataClass.swift */,
				786B8837234D179D00D59C99 /* DailyData+CoreDataProperties.swift */,
				786B8838234D179D00D59C99 /* WeeklyData+CoreDataClass.swift */,
				786B8839234D179D00D59C99 /* WeeklyData+CoreDataProperties.swift */,
			);
			path = EntityClasses;
			sourceTree = "<group>";
		};
		78E78AEB234CDB6100BB4D62 /* Manager */ = {
			isa = PBXGroup;
			children = (
				78E78AF6234D12E300BB4D62 /* CoreDataManager.swift */,
			);
			path = Manager;
			sourceTree = "<group>";
		};
		78FC4ABF23498E0100143B96 /* Models */ = {
			isa = PBXGroup;
			children = (
				78FC4AC02349A38300143B96 /* WeatherResponseModels.swift */,
			);
			path = Models;
			sourceTree = "<group>";
		};
		78FC4AC42349FF4D00143B96 /* TVSection */ = {
			isa = PBXGroup;
			children = (
				78FC4AC6234A00DA00143B96 /* CurrentDayTVSection.xib */,
				78FC4AC8234A012E00143B96 /* CurrentDayTVSection.swift */,
			);
			path = TVSection;
			sourceTree = "<group>";
		};
		78FC4AC52349FF6000143B96 /* TVCell */ = {
			isa = PBXGroup;
			children = (
				78FC4ACA234A0B9500143B96 /* ForecastTVCell.xib */,
				78FC4ACC234A0CF000143B96 /* ForecastTVCell.swift */,
			);
			path = TVCell;
			sourceTree = "<group>";
		};
		78FC4ACE234A0D3000143B96 /* CVCell */ = {
			isa = PBXGroup;
			children = (
				78FC4ACF234A0D5000143B96 /* ForecastCVCell.xib */,
				78FC4AD1234A0E9400143B96 /* ForecastCVCell.swift */,
			);
			path = CVCell;
			sourceTree = "<group>";
		};
		B13EE8079C70A0C377E7926D /* Pods */ = {
			isa = PBXGroup;
			children = (
				6CBFE7EEFB6E402449BF5D3F /* Pods-WeatherApp.debug.xcconfig */,
				0913F3090D512D0808971890 /* Pods-WeatherApp.release.xcconfig */,
			);
			path = Pods;
			sourceTree = "<group>";
		};
/* End PBXGroup section */

/* Begin PBXNativeTarget section */
		78B6FA4023487A9C009525EE /* WeatherApp */ = {
			isa = PBXNativeTarget;
			buildConfigurationList = 78B6FA5323487A9D009525EE /* Build configuration list for PBXNativeTarget "WeatherApp" */;
			buildPhases = (
				39122A4653F99D8D6D04B43F /* [CP] Check Pods Manifest.lock */,
				78B6FA3D23487A9C009525EE /* Sources */,
				78B6FA3E23487A9C009525EE /* Frameworks */,
				78B6FA3F23487A9C009525EE /* Resources */,
				86F8ED0E7B8F5FDBB598F1B2 /* [CP] Embed Pods Frameworks */,
			);
			buildRules = (
			);
			dependencies = (
			);
			name = WeatherApp;
			productName = WeatherApp;
			productReference = 78B6FA4123487A9C009525EE /* WeatherApp.app */;
			productType = "com.apple.product-type.application";
		};
/* End PBXNativeTarget section */

/* Begin PBXProject section */
		78B6FA3923487A9C009525EE /* Project object */ = {
			isa = PBXProject;
			attributes = {
				LastSwiftUpdateCheck = 1010;
				LastUpgradeCheck = 1010;
				ORGANIZATIONNAME = "Akshay Shedge";
				TargetAttributes = {
					78B6FA4023487A9C009525EE = {
						CreatedOnToolsVersion = 10.1;
					};
				};
			};
			buildConfigurationList = 78B6FA3C23487A9C009525EE /* Build configuration list for PBXProject "WeatherApp" */;
			compatibilityVersion = "Xcode 9.3";
			developmentRegion = en;
			hasScannedForEncodings = 0;
			knownRegions = (
				en,
				Base,
			);
			mainGroup = 78B6FA3823487A9C009525EE;
			productRefGroup = 78B6FA4223487A9C009525EE /* Products */;
			projectDirPath = "";
			projectRoot = "";
			targets = (
				78B6FA4023487A9C009525EE /* WeatherApp */,
			);
		};
/* End PBXProject section */

/* Begin PBXResourcesBuildPhase section */
		78B6FA3F23487A9C009525EE /* Resources */ = {
			isa = PBXResourcesBuildPhase;
			buildActionMask = 2147483647;
			files = (
				78B6FA4F23487A9D009525EE /* LaunchScreen.storyboard in Resources */,
				78E08EF7234E11F80031BE7C /* city.list.json in Resources */,
				78B6FA5B23487F7E009525EE /* Weather.storyboard in Resources */,
				78FC4AD0234A0D5000143B96 /* ForecastCVCell.xib in Resources */,
				78FC4AC7234A00DA00143B96 /* CurrentDayTVSection.xib in Resources */,
				78B6FA4C23487A9D009525EE /* Assets.xcassets in Resources */,
				78FC4ACB234A0B9500143B96 /* ForecastTVCell.xib in Resources */,
				78B6FA4A23487A9C009525EE /* Main.storyboard in Resources */,
			);
			runOnlyForDeploymentPostprocessing = 0;
		};
/* End PBXResourcesBuildPhase section */

/* Begin PBXShellScriptBuildPhase section */
		39122A4653F99D8D6D04B43F /* [CP] Check Pods Manifest.lock */ = {
			isa = PBXShellScriptBuildPhase;
			buildActionMask = 2147483647;
			files = (
			);
			inputFileListPaths = (
			);
			inputPaths = (
				"${PODS_PODFILE_DIR_PATH}/Podfile.lock",
				"${PODS_ROOT}/Manifest.lock",
			);
			name = "[CP] Check Pods Manifest.lock";
			outputFileListPaths = (
			);
			outputPaths = (
				"$(DERIVED_FILE_DIR)/Pods-WeatherApp-checkManifestLockResult.txt",
			);
			runOnlyForDeploymentPostprocessing = 0;
			shellPath = /bin/sh;
			shellScript = "diff \"${PODS_PODFILE_DIR_PATH}/Podfile.lock\" \"${PODS_ROOT}/Manifest.lock\" > /dev/null\nif [ $? != 0 ] ; then\n    # print error to STDERR\n    echo \"error: The sandbox is not in sync with the Podfile.lock. Run 'pod install' or update your CocoaPods installation.\" >&2\n    exit 1\nfi\n# This output is used by Xcode 'outputs' to avoid re-running this script phase.\necho \"SUCCESS\" > \"${SCRIPT_OUTPUT_FILE_0}\"\n";
			showEnvVarsInLog = 0;
		};
		86F8ED0E7B8F5FDBB598F1B2 /* [CP] Embed Pods Frameworks */ = {
			isa = PBXShellScriptBuildPhase;
			buildActionMask = 2147483647;
			files = (
			);
			inputFileListPaths = (
				"${PODS_ROOT}/Target Support Files/Pods-WeatherApp/Pods-WeatherApp-frameworks-${CONFIGURATION}-input-files.xcfilelist",
			);
			name = "[CP] Embed Pods Frameworks";
			outputFileListPaths = (
				"${PODS_ROOT}/Target Support Files/Pods-WeatherApp/Pods-WeatherApp-frameworks-${CONFIGURATION}-output-files.xcfilelist",
			);
			runOnlyForDeploymentPostprocessing = 0;
			shellPath = /bin/sh;
			shellScript = "\"${PODS_ROOT}/Target Support Files/Pods-WeatherApp/Pods-WeatherApp-frameworks.sh\"\n";
			showEnvVarsInLog = 0;
		};
/* End PBXShellScriptBuildPhase section */

/* Begin PBXSourcesBuildPhase section */
		78B6FA3D23487A9C009525EE /* Sources */ = {
			isa = PBXSourcesBuildPhase;
			buildActionMask = 2147483647;
			files = (
				78FC4ACD234A0CF000143B96 /* ForecastTVCell.swift in Sources */,
				78B6FA752348A424009525EE /* CityNameVC.swift in Sources */,
				78B6FA5D23487FD8009525EE /* WeatherDetailsVC.swift in Sources */,
				78B6FA5F234880F3009525EE /* WeatherDetailsPresenter.swift in Sources */,
				78B6FA782348CCCA009525EE /* WeatherRequest.swift in Sources */,
				78B6FA5723487D5B009525EE /* AppNavigationCordinator.swift in Sources */,
				786B8835234D15FC00D59C99 /* WeatherAppDataModel.xcdatamodeld in Sources */,
				786B883B234D179D00D59C99 /* DailyData+CoreDataProperties.swift in Sources */,
				78B6FA6B234892E1009525EE /* APIError.swift in Sources */,
				78FC4AC32349ADBC00143B96 /* ForecastRequest.swift in Sources */,
				78E78AF7234D12E300BB4D62 /* CoreDataManager.swift in Sources */,
				78B6FA65234881B5009525EE /* WeatherDetailsProtocols.swift in Sources */,
				786B883C234D179D00D59C99 /* WeeklyData+CoreDataClass.swift in Sources */,
				78FC4AC9234A012E00143B96 /* CurrentDayTVSection.swift in Sources */,
				78B6FA4723487A9C009525EE /* ViewController.swift in Sources */,
				78B6FA6D23489307009525EE /* HTTPClient.swift in Sources */,
				786B883D234D179D00D59C99 /* WeeklyData+CoreDataProperties.swift in Sources */,
				78E78ADD234CAE8900BB4D62 /* Date+Ext.swift in Sources */,
				786B883F234D24A300D59C99 /* Double+Ext.swift in Sources */,
				78FC4AC12349A38300143B96 /* WeatherResponseModels.swift in Sources */,
				78B6FA6323488137009525EE /* WeatherDetailsWireframe.swift in Sources */,
				786B883A234D179D00D59C99 /* DailyData+CoreDataClass.swift in Sources */,
				78B6FA6F234893CB009525EE /* WeatherRoute.swift in Sources */,
				78B6FA7223489704009525EE /* Constant.swift in Sources */,
				78B6FA6123488109009525EE /* WeatherDetailsInteractor.swift in Sources */,
				78B6FA692348912C009525EE /* APIRequest.swift in Sources */,
				78B6FA4523487A9C009525EE /* AppDelegate.swift in Sources */,
				78FC4AD2234A0E9400143B96 /* ForecastCVCell.swift in Sources */,
			);
			runOnlyForDeploymentPostprocessing = 0;
		};
/* End PBXSourcesBuildPhase section */

/* Begin PBXVariantGroup section */
		78B6FA4823487A9C009525EE /* Main.storyboard */ = {
			isa = PBXVariantGroup;
			children = (
				78B6FA4923487A9C009525EE /* Base */,
			);
			name = Main.storyboard;
			sourceTree = "<group>";
		};
		78B6FA4D23487A9D009525EE /* LaunchScreen.storyboard */ = {
			isa = PBXVariantGroup;
			children = (
				78B6FA4E23487A9D009525EE /* Base */,
			);
			name = LaunchScreen.storyboard;
			sourceTree = "<group>";
		};
/* End PBXVariantGroup section */

/* Begin XCBuildConfiguration section */
		78B6FA5123487A9D009525EE /* Debug */ = {
			isa = XCBuildConfiguration;
			buildSettings = {
				ALWAYS_SEARCH_USER_PATHS = NO;
				CLANG_ANALYZER_NONNULL = YES;
				CLANG_ANALYZER_NUMBER_OBJECT_CONVERSION = YES_AGGRESSIVE;
				CLANG_CXX_LANGUAGE_STANDARD = "gnu++14";
				CLANG_CXX_LIBRARY = "libc++";
				CLANG_ENABLE_MODULES = YES;
				CLANG_ENABLE_OBJC_ARC = YES;
				CLANG_ENABLE_OBJC_WEAK = YES;
				CLANG_WARN_BLOCK_CAPTURE_AUTORELEASING = YES;
				CLANG_WARN_BOOL_CONVERSION = YES;
				CLANG_WARN_COMMA = YES;
				CLANG_WARN_CONSTANT_CONVERSION = YES;
				CLANG_WARN_DEPRECATED_OBJC_IMPLEMENTATIONS = YES;
				CLANG_WARN_DIRECT_OBJC_ISA_USAGE = YES_ERROR;
				CLANG_WARN_DOCUMENTATION_COMMENTS = YES;
				CLANG_WARN_EMPTY_BODY = YES;
				CLANG_WARN_ENUM_CONVERSION = YES;
				CLANG_WARN_INFINITE_RECURSION = YES;
				CLANG_WARN_INT_CONVERSION = YES;
				CLANG_WARN_NON_LITERAL_NULL_CONVERSION = YES;
				CLANG_WARN_OBJC_IMPLICIT_RETAIN_SELF = YES;
				CLANG_WARN_OBJC_LITERAL_CONVERSION = YES;
				CLANG_WARN_OBJC_ROOT_CLASS = YES_ERROR;
				CLANG_WARN_RANGE_LOOP_ANALYSIS = YES;
				CLANG_WARN_STRICT_PROTOTYPES = YES;
				CLANG_WARN_SUSPICIOUS_MOVE = YES;
				CLANG_WARN_UNGUARDED_AVAILABILITY = YES_AGGRESSIVE;
				CLANG_WARN_UNREACHABLE_CODE = YES;
				CLANG_WARN__DUPLICATE_METHOD_MATCH = YES;
				CODE_SIGN_IDENTITY = "iPhone Developer";
				COPY_PHASE_STRIP = NO;
				DEBUG_INFORMATION_FORMAT = dwarf;
				ENABLE_STRICT_OBJC_MSGSEND = YES;
				ENABLE_TESTABILITY = YES;
				GCC_C_LANGUAGE_STANDARD = gnu11;
				GCC_DYNAMIC_NO_PIC = NO;
				GCC_NO_COMMON_BLOCKS = YES;
				GCC_OPTIMIZATION_LEVEL = 0;
				GCC_PREPROCESSOR_DEFINITIONS = (
					"DEBUG=1",
					"$(inherited)",
				);
				GCC_WARN_64_TO_32_BIT_CONVERSION = YES;
				GCC_WARN_ABOUT_RETURN_TYPE = YES_ERROR;
				GCC_WARN_UNDECLARED_SELECTOR = YES;
				GCC_WARN_UNINITIALIZED_AUTOS = YES_AGGRESSIVE;
				GCC_WARN_UNUSED_FUNCTION = YES;
				GCC_WARN_UNUSED_VARIABLE = YES;
				IPHONEOS_DEPLOYMENT_TARGET = 12.1;
				MTL_ENABLE_DEBUG_INFO = INCLUDE_SOURCE;
				MTL_FAST_MATH = YES;
				ONLY_ACTIVE_ARCH = YES;
				SDKROOT = iphoneos;
				SWIFT_ACTIVE_COMPILATION_CONDITIONS = DEBUG;
				SWIFT_OPTIMIZATION_LEVEL = "-Onone";
			};
			name = Debug;
		};
		78B6FA5223487A9D009525EE /* Release */ = {
			isa = XCBuildConfiguration;
			buildSettings = {
				ALWAYS_SEARCH_USER_PATHS = NO;
				CLANG_ANALYZER_NONNULL = YES;
				CLANG_ANALYZER_NUMBER_OBJECT_CONVERSION = YES_AGGRESSIVE;
				CLANG_CXX_LANGUAGE_STANDARD = "gnu++14";
				CLANG_CXX_LIBRARY = "libc++";
				CLANG_ENABLE_MODULES = YES;
				CLANG_ENABLE_OBJC_ARC = YES;
				CLANG_ENABLE_OBJC_WEAK = YES;
				CLANG_WARN_BLOCK_CAPTURE_AUTORELEASING = YES;
				CLANG_WARN_BOOL_CONVERSION = YES;
				CLANG_WARN_COMMA = YES;
				CLANG_WARN_CONSTANT_CONVERSION = YES;
				CLANG_WARN_DEPRECATED_OBJC_IMPLEMENTATIONS = YES;
				CLANG_WARN_DIRECT_OBJC_ISA_USAGE = YES_ERROR;
				CLANG_WARN_DOCUMENTATION_COMMENTS = YES;
				CLANG_WARN_EMPTY_BODY = YES;
				CLANG_WARN_ENUM_CONVERSION = YES;
				CLANG_WARN_INFINITE_RECURSION = YES;
				CLANG_WARN_INT_CONVERSION = YES;
				CLANG_WARN_NON_LITERAL_NULL_CONVERSION = YES;
				CLANG_WARN_OBJC_IMPLICIT_RETAIN_SELF = YES;
				CLANG_WARN_OBJC_LITERAL_CONVERSION = YES;
				CLANG_WARN_OBJC_ROOT_CLASS = YES_ERROR;
				CLANG_WARN_RANGE_LOOP_ANALYSIS = YES;
				CLANG_WARN_STRICT_PROTOTYPES = YES;
				CLANG_WARN_SUSPICIOUS_MOVE = YES;
				CLANG_WARN_UNGUARDED_AVAILABILITY = YES_AGGRESSIVE;
				CLANG_WARN_UNREACHABLE_CODE = YES;
				CLANG_WARN__DUPLICATE_METHOD_MATCH = YES;
				CODE_SIGN_IDENTITY = "iPhone Developer";
				COPY_PHASE_STRIP = NO;
				DEBUG_INFORMATION_FORMAT = "dwarf-with-dsym";
				ENABLE_NS_ASSERTIONS = NO;
				ENABLE_STRICT_OBJC_MSGSEND = YES;
				GCC_C_LANGUAGE_STANDARD = gnu11;
				GCC_NO_COMMON_BLOCKS = YES;
				GCC_WARN_64_TO_32_BIT_CONVERSION = YES;
				GCC_WARN_ABOUT_RETURN_TYPE = YES_ERROR;
				GCC_WARN_UNDECLARED_SELECTOR = YES;
				GCC_WARN_UNINITIALIZED_AUTOS = YES_AGGRESSIVE;
				GCC_WARN_UNUSED_FUNCTION = YES;
				GCC_WARN_UNUSED_VARIABLE = YES;
				IPHONEOS_DEPLOYMENT_TARGET = 12.1;
				MTL_ENABLE_DEBUG_INFO = NO;
				MTL_FAST_MATH = YES;
				SDKROOT = iphoneos;
				SWIFT_COMPILATION_MODE = wholemodule;
				SWIFT_OPTIMIZATION_LEVEL = "-O";
				VALIDATE_PRODUCT = YES;
			};
			name = Release;
		};
		78B6FA5423487A9D009525EE /* Debug */ = {
			isa = XCBuildConfiguration;
			baseConfigurationReference = 6CBFE7EEFB6E402449BF5D3F /* Pods-WeatherApp.debug.xcconfig */;
			buildSettings = {
				ASSETCATALOG_COMPILER_APPICON_NAME = AppIcon;
				CODE_SIGN_STYLE = Automatic;
				DEVELOPMENT_TEAM = M8LGN2MDW5;
				INFOPLIST_FILE = WeatherApp/Info.plist;
				LD_RUNPATH_SEARCH_PATHS = (
					"$(inherited)",
					"@executable_path/Frameworks",
				);
				PRODUCT_BUNDLE_IDENTIFIER = com.Home.WeatherApp;
				PRODUCT_NAME = "$(TARGET_NAME)";
				SWIFT_VERSION = 4.2;
				TARGETED_DEVICE_FAMILY = "1,2";
			};
			name = Debug;
		};
		78B6FA5523487A9D009525EE /* Release */ = {
			isa = XCBuildConfiguration;
			baseConfigurationReference = 0913F3090D512D0808971890 /* Pods-WeatherApp.release.xcconfig */;
			buildSettings = {
				ASSETCATALOG_COMPILER_APPICON_NAME = AppIcon;
				CODE_SIGN_STYLE = Automatic;
				DEVELOPMENT_TEAM = M8LGN2MDW5;
				INFOPLIST_FILE = WeatherApp/Info.plist;
				LD_RUNPATH_SEARCH_PATHS = (
					"$(inherited)",
					"@executable_path/Frameworks",
				);
				PRODUCT_BUNDLE_IDENTIFIER = com.Home.WeatherApp;
				PRODUCT_NAME = "$(TARGET_NAME)";
				SWIFT_VERSION = 4.2;
				TARGETED_DEVICE_FAMILY = "1,2";
			};
			name = Release;
		};
/* End XCBuildConfiguration section */

/* Begin XCConfigurationList section */
		78B6FA3C23487A9C009525EE /* Build configuration list for PBXProject "WeatherApp" */ = {
			isa = XCConfigurationList;
			buildConfigurations = (
				78B6FA5123487A9D009525EE /* Debug */,
				78B6FA5223487A9D009525EE /* Release */,
			);
			defaultConfigurationIsVisible = 0;
			defaultConfigurationName = Release;
		};
		78B6FA5323487A9D009525EE /* Build configuration list for PBXNativeTarget "WeatherApp" */ = {
			isa = XCConfigurationList;
			buildConfigurations = (
				78B6FA5423487A9D009525EE /* Debug */,
				78B6FA5523487A9D009525EE /* Release */,
			);
			defaultConfigurationIsVisible = 0;
			defaultConfigurationName = Release;
		};
/* End XCConfigurationList section */

/* Begin XCVersionGroup section */
		786B8833234D15FC00D59C99 /* WeatherAppDataModel.xcdatamodeld */ = {
			isa = XCVersionGroup;
			children = (
				786B8834234D15FC00D59C99 /* WeatherAppDataModel.xcdatamodel */,
			);
			currentVersion = 786B8834234D15FC00D59C99 /* WeatherAppDataModel.xcdatamodel */;
			path = WeatherAppDataModel.xcdatamodeld;
			sourceTree = "<group>";
			versionGroupType = wrapper.xcdatamodel;
		};
/* End XCVersionGroup section */
	};
	rootObject = 78B6FA3923487A9C009525EE /* Project object */;
}
