// !$*UTF8*$!
{
	archiveVersion = 1;
	classes = {
	};
	objectVersion = 50;
	objects = {

/* Begin PBXBuildFile section */
		78B6FA4523487A9C009525EE /* AppDelegate.swift in Sources */ = {isa = PBXBuildFile; fileRef = 78B6FA4423487A9C009525EE /* AppDelegate.swift */; };
		78B6FA4723487A9C009525EE /* ViewController.swift in Sources */ = {isa = PBXBuildFile; fileRef = 78B6FA4623487A9C009525EE /* ViewController.swift */; };
		78B6FA4A23487A9C009525EE /* Main.storyboard in Resources */ = {isa = PBXBuildFile; fileRef = 78B6FA4823487A9C009525EE /* Main.storyboard */; };
		78B6FA4C23487A9D009525EE /* Assets.xcassets in Resources */ = {isa = PBXBuildFile; fileRef = 78B6FA4B23487A9D009525EE /* Assets.xcassets */; };
		78B6FA4F23487A9D009525EE /* LaunchScreen.storyboard in Resources */ = {isa = PBXBuildFile; fileRef = 78B6FA4D23487A9D009525EE /* LaunchScreen.storyboard */; };
		78B6FA5723487D5B009525EE /* AppNavigationCordinator.swift in Sources */ = {isa = PBXBuildFile; fileRef = 78B6FA5623487D5B009525EE /* AppNavigationCordinator.swift */; };
		78B6FA5B23487F7E009525EE /* Weather.storyboard in Resources */ = {isa = PBXBuildFile; fileRef = 78B6FA5A23487F7E009525EE /* Weather.storyboard */; };
		78B6FA5D23487FD8009525EE /* WeatherDetailsVC.swift in Sources */ = {isa = PBXBuildFile; fileRef = 78B6FA5C23487FD8009525EE /* WeatherDetailsVC.swift */; };
		78B6FA5F234880F3009525EE /* WeatherDetailsPresenter.swift in Sources */ = {isa = PBXBuildFile; fileRef = 78B6FA5E234880F3009525EE /* WeatherDetailsPresenter.swift */; };
		78B6FA6123488109009525EE /* WeatherDetailsInteractor.swift in Sources */ = {isa = PBXBuildFile; fileRef = 78B6FA6023488109009525EE /* WeatherDetailsInteractor.swift */; };
		78B6FA6323488137009525EE /* WeatherDetailsWireframe.swift in Sources */ = {isa = PBXBuildFile; fileRef = 78B6FA6223488137009525EE /* WeatherDetailsWireframe.swift */; };
		78B6FA65234881B5009525EE /* WeatherDetailsProtocols.swift in Sources */ = {isa = PBXBuildFile; fileRef = 78B6FA64234881B5009525EE /* WeatherDetailsProtocols.swift */; };
		78B6FA692348912C009525EE /* APIRequest.swift in Sources */ = {isa = PBXBuildFile; fileRef = 78B6FA682348912C009525EE /* APIRequest.swift */; };
/* End PBXBuildFile section */

/* Begin PBXFileReference section */
		78B6FA4123487A9C009525EE /* WeatherApp.app */ = {isa = PBXFileReference; explicitFileType = wrapper.application; includeInIndex = 0; path = WeatherApp.app; sourceTree = BUILT_PRODUCTS_DIR; };
		78B6FA4423487A9C009525EE /* AppDelegate.swift */ = {isa = PBXFileReference; lastKnownFileType = sourcecode.swift; path = AppDelegate.swift; sourceTree = "<group>"; };
		78B6FA4623487A9C009525EE /* ViewController.swift */ = {isa = PBXFileReference; lastKnownFileType = sourcecode.swift; path = ViewController.swift; sourceTree = "<group>"; };
		78B6FA4923487A9C009525EE /* Base */ = {isa = PBXFileReference; lastKnownFileType = file.storyboard; name = Base; path = Base.lproj/Main.storyboard; sourceTree = "<group>"; };
		78B6FA4B23487A9D009525EE /* Assets.xcassets */ = {isa = PBXFileReference; lastKnownFileType = folder.assetcatalog; path = Assets.xcassets; sourceTree = "<group>"; };
		78B6FA4E23487A9D009525EE /* Base */ = {isa = PBXFileReference; lastKnownFileType = file.storyboard; name = Base; path = Base.lproj/LaunchScreen.storyboard; sourceTree = "<group>"; };
		78B6FA5023487A9D009525EE /* Info.plist */ = {isa = PBXFileReference; lastKnownFileType = text.plist.xml; path = Info.plist; sourceTree = "<group>"; };
		78B6FA5623487D5B009525EE /* AppNavigationCordinator.swift */ = {isa = PBXFileReference; lastKnownFileType = sourcecode.swift; path = AppNavigationCordinator.swift; sourceTree = "<group>"; };
		78B6FA5A23487F7E009525EE /* Weather.storyboard */ = {isa = PBXFileReference; lastKnownFileType = file.storyboard; path = Weather.storyboard; sourceTree = "<group>"; };
		78B6FA5C23487FD8009525EE /* WeatherDetailsVC.swift */ = {isa = PBXFileReference; lastKnownFileType = sourcecode.swift; path = WeatherDetailsVC.swift; sourceTree = "<group>"; };
		78B6FA5E234880F3009525EE /* WeatherDetailsPresenter.swift */ = {isa = PBXFileReference; lastKnownFileType = sourcecode.swift; path = WeatherDetailsPresenter.swift; sourceTree = "<group>"; };
		78B6FA6023488109009525EE /* WeatherDetailsInteractor.swift */ = {isa = PBXFileReference; lastKnownFileType = sourcecode.swift; path = WeatherDetailsInteractor.swift; sourceTree = "<group>"; };
		78B6FA6223488137009525EE /* WeatherDetailsWireframe.swift */ = {isa = PBXFileReference; lastKnownFileType = sourcecode.swift; path = WeatherDetailsWireframe.swift; sourceTree = "<group>"; };
		78B6FA64234881B5009525EE /* WeatherDetailsProtocols.swift */ = {isa = PBXFileReference; lastKnownFileType = sourcecode.swift; path = WeatherDetailsProtocols.swift; sourceTree = "<group>"; };
		78B6FA682348912C009525EE /* APIRequest.swift */ = {isa = PBXFileReference; lastKnownFileType = sourcecode.swift; path = APIRequest.swift; sourceTree = "<group>"; };
/* End PBXFileReference section */

/* Begin PBXFrameworksBuildPhase section */
		78B6FA3E23487A9C009525EE /* Frameworks */ = {
			isa = PBXFrameworksBuildPhase;
			buildActionMask = 2147483647;
			files = (
			);
			runOnlyForDeploymentPostprocessing = 0;
		};
/* End PBXFrameworksBuildPhase section */

/* Begin PBXGroup section */
		78B6FA3823487A9C009525EE = {
			isa = PBXGroup;
			children = (
				78B6FA4323487A9C009525EE /* WeatherApp */,
				78B6FA4223487A9C009525EE /* Products */,
			);
			sourceTree = "<group>";
		};
		78B6FA4223487A9C009525EE /* Products */ = {
			isa = PBXGroup;
			children = (
				78B6FA4123487A9C009525EE /* WeatherApp.app */,
			);
			name = Products;
			sourceTree = "<group>";
		};
		78B6FA4323487A9C009525EE /* WeatherApp */ = {
			isa = PBXGroup;
			children = (
				78B6FA4423487A9C009525EE /* AppDelegate.swift */,
				78B6FA4623487A9C009525EE /* ViewController.swift */,
				78B6FA5623487D5B009525EE /* AppNavigationCordinator.swift */,
				78B6FA66234890EB009525EE /* API */,
				78B6FA5823487EEB009525EE /* WeatherDetails */,
				78B6FA4823487A9C009525EE /* Main.storyboard */,
				78B6FA4B23487A9D009525EE /* Assets.xcassets */,
				78B6FA4D23487A9D009525EE /* LaunchScreen.storyboard */,
				78B6FA5023487A9D009525EE /* Info.plist */,
			);
			path = WeatherApp;
			sourceTree = "<group>";
		};
		78B6FA5823487EEB009525EE /* WeatherDetails */ = {
			isa = PBXGroup;
			children = (
				78B6FA5923487F32009525EE /* View */,
				78B6FA5A23487F7E009525EE /* Weather.storyboard */,
				78B6FA5C23487FD8009525EE /* WeatherDetailsVC.swift */,
				78B6FA5E234880F3009525EE /* WeatherDetailsPresenter.swift */,
				78B6FA6023488109009525EE /* WeatherDetailsInteractor.swift */,
				78B6FA6223488137009525EE /* WeatherDetailsWireframe.swift */,
				78B6FA64234881B5009525EE /* WeatherDetailsProtocols.swift */,
			);
			path = WeatherDetails;
			sourceTree = "<group>";
		};
		78B6FA5923487F32009525EE /* View */ = {
			isa = PBXGroup;
			children = (
			);
			path = View;
			sourceTree = "<group>";
		};
		78B6FA66234890EB009525EE /* API */ = {
			isa = PBXGroup;
			children = (
				78B6FA67234890F7009525EE /* Base */,
			);
			path = API;
			sourceTree = "<group>";
		};
		78B6FA67234890F7009525EE /* Base */ = {
			isa = PBXGroup;
			children = (
				78B6FA682348912C009525EE /* APIRequest.swift */,
			);
			path = Base;
			sourceTree = "<group>";
		};
/* End PBXGroup section */

/* Begin PBXNativeTarget section */
		78B6FA4023487A9C009525EE /* WeatherApp */ = {
			isa = PBXNativeTarget;
			buildConfigurationList = 78B6FA5323487A9D009525EE /* Build configuration list for PBXNativeTarget "WeatherApp" */;
			buildPhases = (
				78B6FA3D23487A9C009525EE /* Sources */,
				78B6FA3E23487A9C009525EE /* Frameworks */,
				78B6FA3F23487A9C009525EE /* Resources */,
			);
			buildRules = (
			);
			dependencies = (
			);
			name = WeatherApp;
			productName = WeatherApp;
			productReference = 78B6FA4123487A9C009525EE /* WeatherApp.app */;
			productType = "com.apple.product-type.application";
		};
/* End PBXNativeTarget section */

/* Begin PBXProject section */
		78B6FA3923487A9C009525EE /* Project object */ = {
			isa = PBXProject;
			attributes = {
				LastSwiftUpdateCheck = 1010;
				LastUpgradeCheck = 1010;
				ORGANIZATIONNAME = "Akshay Shedge";
				TargetAttributes = {
					78B6FA4023487A9C009525EE = {
						CreatedOnToolsVersion = 10.1;
					};
				};
			};
			buildConfigurationList = 78B6FA3C23487A9C009525EE /* Build configuration list for PBXProject "WeatherApp" */;
			compatibilityVersion = "Xcode 9.3";
			developmentRegion = en;
			hasScannedForEncodings = 0;
			knownRegions = (
				en,
				Base,
			);
			mainGroup = 78B6FA3823487A9C009525EE;
			productRefGroup = 78B6FA4223487A9C009525EE /* Products */;
			projectDirPath = "";
			projectRoot = "";
			targets = (
				78B6FA4023487A9C009525EE /* WeatherApp */,
			);
		};
/* End PBXProject section */

/* Begin PBXResourcesBuildPhase section */
		78B6FA3F23487A9C009525EE /* Resources */ = {
			isa = PBXResourcesBuildPhase;
			buildActionMask = 2147483647;
			files = (
				78B6FA4F23487A9D009525EE /* LaunchScreen.storyboard in Resources */,
				78B6FA5B23487F7E009525EE /* Weather.storyboard in Resources */,
				78B6FA4C23487A9D009525EE /* Assets.xcassets in Resources */,
				78B6FA4A23487A9C009525EE /* Main.storyboard in Resources */,
			);
			runOnlyForDeploymentPostprocessing = 0;
		};
/* End PBXResourcesBuildPhase section */

/* Begin PBXSourcesBuildPhase section */
		78B6FA3D23487A9C009525EE /* Sources */ = {
			isa = PBXSourcesBuildPhase;
			buildActionMask = 2147483647;
			files = (
				78B6FA5D23487FD8009525EE /* WeatherDetailsVC.swift in Sources */,
				78B6FA5F234880F3009525EE /* WeatherDetailsPresenter.swift in Sources */,
				78B6FA5723487D5B009525EE /* AppNavigationCordinator.swift in Sources */,
				78B6FA65234881B5009525EE /* WeatherDetailsProtocols.swift in Sources */,
				78B6FA4723487A9C009525EE /* ViewController.swift in Sources */,
				78B6FA6323488137009525EE /* WeatherDetailsWireframe.swift in Sources */,
				78B6FA6123488109009525EE /* WeatherDetailsInteractor.swift in Sources */,
				78B6FA692348912C009525EE /* APIRequest.swift in Sources */,
				78B6FA4523487A9C009525EE /* AppDelegate.swift in Sources */,
			);
			runOnlyForDeploymentPostprocessing = 0;
		};
/* End PBXSourcesBuildPhase section */

/* Begin PBXVariantGroup section */
		78B6FA4823487A9C009525EE /* Main.storyboard */ = {
			isa = PBXVariantGroup;
			children = (
				78B6FA4923487A9C009525EE /* Base */,
			);
			name = Main.storyboard;
			sourceTree = "<group>";
		};
		78B6FA4D23487A9D009525EE /* LaunchScreen.storyboard */ = {
			isa = PBXVariantGroup;
			children = (
				78B6FA4E23487A9D009525EE /* Base */,
			);
			name = LaunchScreen.storyboard;
			sourceTree = "<group>";
		};
/* End PBXVariantGroup section */

/* Begin XCBuildConfiguration section */
		78B6FA5123487A9D009525EE /* Debug */ = {
			isa = XCBuildConfiguration;
			buildSettings = {
				ALWAYS_SEARCH_USER_PATHS = NO;
				CLANG_ANALYZER_NONNULL = YES;
				CLANG_ANALYZER_NUMBER_OBJECT_CONVERSION = YES_AGGRESSIVE;
				CLANG_CXX_LANGUAGE_STANDARD = "gnu++14";
				CLANG_CXX_LIBRARY = "libc++";
				CLANG_ENABLE_MODULES = YES;
				CLANG_ENABLE_OBJC_ARC = YES;
				CLANG_ENABLE_OBJC_WEAK = YES;
				CLANG_WARN_BLOCK_CAPTURE_AUTORELEASING = YES;
				CLANG_WARN_BOOL_CONVERSION = YES;
				CLANG_WARN_COMMA = YES;
				CLANG_WARN_CONSTANT_CONVERSION = YES;
				CLANG_WARN_DEPRECATED_OBJC_IMPLEMENTATIONS = YES;
				CLANG_WARN_DIRECT_OBJC_ISA_USAGE = YES_ERROR;
				CLANG_WARN_DOCUMENTATION_COMMENTS = YES;
				CLANG_WARN_EMPTY_BODY = YES;
				CLANG_WARN_ENUM_CONVERSION = YES;
				CLANG_WARN_INFINITE_RECURSION = YES;
				CLANG_WARN_INT_CONVERSION = YES;
				CLANG_WARN_NON_LITERAL_NULL_CONVERSION = YES;
				CLANG_WARN_OBJC_IMPLICIT_RETAIN_SELF = YES;
				CLANG_WARN_OBJC_LITERAL_CONVERSION = YES;
				CLANG_WARN_OBJC_ROOT_CLASS = YES_ERROR;
				CLANG_WARN_RANGE_LOOP_ANALYSIS = YES;
				CLANG_WARN_STRICT_PROTOTYPES = YES;
				CLANG_WARN_SUSPICIOUS_MOVE = YES;
				CLANG_WARN_UNGUARDED_AVAILABILITY = YES_AGGRESSIVE;
				CLANG_WARN_UNREACHABLE_CODE = YES;
				CLANG_WARN__DUPLICATE_METHOD_MATCH = YES;
				CODE_SIGN_IDENTITY = "iPhone Developer";
				COPY_PHASE_STRIP = NO;
				DEBUG_INFORMATION_FORMAT = dwarf;
				ENABLE_STRICT_OBJC_MSGSEND = YES;
				ENABLE_TESTABILITY = YES;
				GCC_C_LANGUAGE_STANDARD = gnu11;
				GCC_DYNAMIC_NO_PIC = NO;
				GCC_NO_COMMON_BLOCKS = YES;
				GCC_OPTIMIZATION_LEVEL = 0;
				GCC_PREPROCESSOR_DEFINITIONS = (
					"DEBUG=1",
					"$(inherited)",
				);
				GCC_WARN_64_TO_32_BIT_CONVERSION = YES;
				GCC_WARN_ABOUT_RETURN_TYPE = YES_ERROR;
				GCC_WARN_UNDECLARED_SELECTOR = YES;
				GCC_WARN_UNINITIALIZED_AUTOS = YES_AGGRESSIVE;
				GCC_WARN_UNUSED_FUNCTION = YES;
				GCC_WARN_UNUSED_VARIABLE = YES;
				IPHONEOS_DEPLOYMENT_TARGET = 12.1;
				MTL_ENABLE_DEBUG_INFO = INCLUDE_SOURCE;
				MTL_FAST_MATH = YES;
				ONLY_ACTIVE_ARCH = YES;
				SDKROOT = iphoneos;
				SWIFT_ACTIVE_COMPILATION_CONDITIONS = DEBUG;
				SWIFT_OPTIMIZATION_LEVEL = "-Onone";
			};
			name = Debug;
		};
		78B6FA5223487A9D009525EE /* Release */ = {
			isa = XCBuildConfiguration;
			buildSettings = {
				ALWAYS_SEARCH_USER_PATHS = NO;
				CLANG_ANALYZER_NONNULL = YES;
				CLANG_ANALYZER_NUMBER_OBJECT_CONVERSION = YES_AGGRESSIVE;
				CLANG_CXX_LANGUAGE_STANDARD = "gnu++14";
				CLANG_CXX_LIBRARY = "libc++";
				CLANG_ENABLE_MODULES = YES;
				CLANG_ENABLE_OBJC_ARC = YES;
				CLANG_ENABLE_OBJC_WEAK = YES;
				CLANG_WARN_BLOCK_CAPTURE_AUTORELEASING = YES;
				CLANG_WARN_BOOL_CONVERSION = YES;
				CLANG_WARN_COMMA = YES;
				CLANG_WARN_CONSTANT_CONVERSION = YES;
				CLANG_WARN_DEPRECATED_OBJC_IMPLEMENTATIONS = YES;
				CLANG_WARN_DIRECT_OBJC_ISA_USAGE = YES_ERROR;
				CLANG_WARN_DOCUMENTATION_COMMENTS = YES;
				CLANG_WARN_EMPTY_BODY = YES;
				CLANG_WARN_ENUM_CONVERSION = YES;
				CLANG_WARN_INFINITE_RECURSION = YES;
				CLANG_WARN_INT_CONVERSION = YES;
				CLANG_WARN_NON_LITERAL_NULL_CONVERSION = YES;
				CLANG_WARN_OBJC_IMPLICIT_RETAIN_SELF = YES;
				CLANG_WARN_OBJC_LITERAL_CONVERSION = YES;
				CLANG_WARN_OBJC_ROOT_CLASS = YES_ERROR;
				CLANG_WARN_RANGE_LOOP_ANALYSIS = YES;
				CLANG_WARN_STRICT_PROTOTYPES = YES;
				CLANG_WARN_SUSPICIOUS_MOVE = YES;
				CLANG_WARN_UNGUARDED_AVAILABILITY = YES_AGGRESSIVE;
				CLANG_WARN_UNREACHABLE_CODE = YES;
				CLANG_WARN__DUPLICATE_METHOD_MATCH = YES;
				CODE_SIGN_IDENTITY = "iPhone Developer";
				COPY_PHASE_STRIP = NO;
				DEBUG_INFORMATION_FORMAT = "dwarf-with-dsym";
				ENABLE_NS_ASSERTIONS = NO;
				ENABLE_STRICT_OBJC_MSGSEND = YES;
				GCC_C_LANGUAGE_STANDARD = gnu11;
				GCC_NO_COMMON_BLOCKS = YES;
				GCC_WARN_64_TO_32_BIT_CONVERSION = YES;
				GCC_WARN_ABOUT_RETURN_TYPE = YES_ERROR;
				GCC_WARN_UNDECLARED_SELECTOR = YES;
				GCC_WARN_UNINITIALIZED_AUTOS = YES_AGGRESSIVE;
				GCC_WARN_UNUSED_FUNCTION = YES;
				GCC_WARN_UNUSED_VARIABLE = YES;
				IPHONEOS_DEPLOYMENT_TARGET = 12.1;
				MTL_ENABLE_DEBUG_INFO = NO;
				MTL_FAST_MATH = YES;
				SDKROOT = iphoneos;
				SWIFT_COMPILATION_MODE = wholemodule;
				SWIFT_OPTIMIZATION_LEVEL = "-O";
				VALIDATE_PRODUCT = YES;
			};
			name = Release;
		};
		78B6FA5423487A9D009525EE /* Debug */ = {
			isa = XCBuildConfiguration;
			buildSettings = {
				ASSETCATALOG_COMPILER_APPICON_NAME = AppIcon;
				CODE_SIGN_STYLE = Automatic;
				DEVELOPMENT_TEAM = M8LGN2MDW5;
				INFOPLIST_FILE = WeatherApp/Info.plist;
				LD_RUNPATH_SEARCH_PATHS = (
					"$(inherited)",
					"@executable_path/Frameworks",
				);
				PRODUCT_BUNDLE_IDENTIFIER = com.Home.WeatherApp;
				PRODUCT_NAME = "$(TARGET_NAME)";
				SWIFT_VERSION = 4.2;
				TARGETED_DEVICE_FAMILY = "1,2";
			};
			name = Debug;
		};
		78B6FA5523487A9D009525EE /* Release */ = {
			isa = XCBuildConfiguration;
			buildSettings = {
				ASSETCATALOG_COMPILER_APPICON_NAME = AppIcon;
				CODE_SIGN_STYLE = Automatic;
				DEVELOPMENT_TEAM = M8LGN2MDW5;
				INFOPLIST_FILE = WeatherApp/Info.plist;
				LD_RUNPATH_SEARCH_PATHS = (
					"$(inherited)",
					"@executable_path/Frameworks",
				);
				PRODUCT_BUNDLE_IDENTIFIER = com.Home.WeatherApp;
				PRODUCT_NAME = "$(TARGET_NAME)";
				SWIFT_VERSION = 4.2;
				TARGETED_DEVICE_FAMILY = "1,2";
			};
			name = Release;
		};
/* End XCBuildConfiguration section */

/* Begin XCConfigurationList section */
		78B6FA3C23487A9C009525EE /* Build configuration list for PBXProject "WeatherApp" */ = {
			isa = XCConfigurationList;
			buildConfigurations = (
				78B6FA5123487A9D009525EE /* Debug */,
				78B6FA5223487A9D009525EE /* Release */,
			);
			defaultConfigurationIsVisible = 0;
			defaultConfigurationName = Release;
		};
		78B6FA5323487A9D009525EE /* Build configuration list for PBXNativeTarget "WeatherApp" */ = {
			isa = XCConfigurationList;
			buildConfigurations = (
				78B6FA5423487A9D009525EE /* Debug */,
				78B6FA5523487A9D009525EE /* Release */,
			);
			defaultConfigurationIsVisible = 0;
			defaultConfigurationName = Release;
		};
/* End XCConfigurationList section */
	};
	rootObject = 78B6FA3923487A9C009525EE /* Project object */;
}
